
Microsoft Visual Studio Solution File, Format Version 12.00
# Visual Studio Version 17
VisualStudioVersion = 17.6.33829.357
MinimumVisualStudioVersion = 10.0.40219.1
Project("{FAE04EC0-301F-11D3-BF4B-00C04F79EFBC}") = "Argus Combat Script", "Argus Combat Script.csproj", "{EE14A30C-055C-4369-B411-847C5273E105}"
EndProject
Global
	GlobalSection(SolutionConfigurationPlatforms) = preSolution
		Debug|x64 = Debug|x64
	EndGlobalSection
	GlobalSection(ProjectConfigurationPlatforms) = postSolution
		{EE14A30C-055C-4369-B411-847C5273E105}.Debug|x64.ActiveCfg = Debug|x64
		{EE14A30C-055C-4369-B411-847C5273E105}.Debug|x64.Build.0 = Debug|x64
	EndGlobalSection
	GlobalSection(SolutionProperties) = preSolution
		HideSolutionNode = FALSE
	EndGlobalSection
	GlobalSection(ExtensibilityGlobals) = postSolution
		SolutionGuid = {12A3F572-D05C-4C8B-A02A-AFD19369CF4E}
	EndGlobalSection
EndGlobal
